// !$*UTF8*$!
{
	archiveVersion = 1;
	classes = {
	};
	objectVersion = 51;
	objects = {

/* Begin PBXBuildFile section */
		C6EED0D686B0176282D98C31 /* Pods_pruebaIOS.framework in Frameworks */ = {isa = PBXBuildFile; fileRef = 8508573183BE7BC90E2E0CC6 /* Pods_pruebaIOS.framework */; };
		E0DF434C2464F573006BCA56 /* AppDelegate.swift in Sources */ = {isa = PBXBuildFile; fileRef = E0DF434B2464F573006BCA56 /* AppDelegate.swift */; };
		E0DF434E2464F573006BCA56 /* SceneDelegate.swift in Sources */ = {isa = PBXBuildFile; fileRef = E0DF434D2464F573006BCA56 /* SceneDelegate.swift */; };
		E0DF43502464F573006BCA56 /* ViewController.swift in Sources */ = {isa = PBXBuildFile; fileRef = E0DF434F2464F573006BCA56 /* ViewController.swift */; };
		E0DF43532464F574006BCA56 /* Main.storyboard in Resources */ = {isa = PBXBuildFile; fileRef = E0DF43512464F574006BCA56 /* Main.storyboard */; };
		E0DF43552464F579006BCA56 /* Assets.xcassets in Resources */ = {isa = PBXBuildFile; fileRef = E0DF43542464F579006BCA56 /* Assets.xcassets */; };
		E0DF43582464F579006BCA56 /* LaunchScreen.storyboard in Resources */ = {isa = PBXBuildFile; fileRef = E0DF43562464F579006BCA56 /* LaunchScreen.storyboard */; };
		E0DF436224650273006BCA56 /* cellGenericaTableViewCell.swift in Sources */ = {isa = PBXBuildFile; fileRef = E0DF436124650273006BCA56 /* cellGenericaTableViewCell.swift */; };
		E0DF43652465C409006BCA56 /* AddProduct.storyboard in Resources */ = {isa = PBXBuildFile; fileRef = E0DF43642465C409006BCA56 /* AddProduct.storyboard */; };
		E0DF43672465D497006BCA56 /* addProductViewController.swift in Sources */ = {isa = PBXBuildFile; fileRef = E0DF43662465D497006BCA56 /* addProductViewController.swift */; };
/* End PBXBuildFile section */

/* Begin PBXFileReference section */
		21D830B22AE1746C6E53103E /* Pods-pruebaIOS.release.xcconfig */ = {isa = PBXFileReference; includeInIndex = 1; lastKnownFileType = text.xcconfig; name = "Pods-pruebaIOS.release.xcconfig"; path = "Target Support Files/Pods-pruebaIOS/Pods-pruebaIOS.release.xcconfig"; sourceTree = "<group>"; };
		8508573183BE7BC90E2E0CC6 /* Pods_pruebaIOS.framework */ = {isa = PBXFileReference; explicitFileType = wrapper.framework; includeInIndex = 0; path = Pods_pruebaIOS.framework; sourceTree = BUILT_PRODUCTS_DIR; };
		E0DF43482464F573006BCA56 /* pruebaiOS.app */ = {isa = PBXFileReference; explicitFileType = wrapper.application; includeInIndex = 0; path = pruebaiOS.app; sourceTree = BUILT_PRODUCTS_DIR; };
		E0DF434B2464F573006BCA56 /* AppDelegate.swift */ = {isa = PBXFileReference; lastKnownFileType = sourcecode.swift; path = AppDelegate.swift; sourceTree = "<group>"; };
		E0DF434D2464F573006BCA56 /* SceneDelegate.swift */ = {isa = PBXFileReference; lastKnownFileType = sourcecode.swift; path = SceneDelegate.swift; sourceTree = "<group>"; };
		E0DF434F2464F573006BCA56 /* ViewController.swift */ = {isa = PBXFileReference; lastKnownFileType = sourcecode.swift; path = ViewController.swift; sourceTree = "<group>"; };
		E0DF43522464F574006BCA56 /* Base */ = {isa = PBXFileReference; lastKnownFileType = file.storyboard; name = Base; path = Base.lproj/Main.storyboard; sourceTree = "<group>"; };
		E0DF43542464F579006BCA56 /* Assets.xcassets */ = {isa = PBXFileReference; lastKnownFileType = folder.assetcatalog; path = Assets.xcassets; sourceTree = "<group>"; };
		E0DF43572464F579006BCA56 /* Base */ = {isa = PBXFileReference; lastKnownFileType = file.storyboard; name = Base; path = Base.lproj/LaunchScreen.storyboard; sourceTree = "<group>"; };
		E0DF43592464F579006BCA56 /* Info.plist */ = {isa = PBXFileReference; lastKnownFileType = text.plist.xml; path = Info.plist; sourceTree = "<group>"; };
		E0DF436124650273006BCA56 /* cellGenericaTableViewCell.swift */ = {isa = PBXFileReference; lastKnownFileType = sourcecode.swift; path = cellGenericaTableViewCell.swift; sourceTree = "<group>"; };
		E0DF43642465C409006BCA56 /* AddProduct.storyboard */ = {isa = PBXFileReference; lastKnownFileType = file.storyboard; path = AddProduct.storyboard; sourceTree = "<group>"; };
		E0DF43662465D497006BCA56 /* addProductViewController.swift */ = {isa = PBXFileReference; lastKnownFileType = sourcecode.swift; path = addProductViewController.swift; sourceTree = "<group>"; };
		F81A1826D15E01DF4D1311A7 /* Pods-pruebaIOS.debug.xcconfig */ = {isa = PBXFileReference; includeInIndex = 1; lastKnownFileType = text.xcconfig; name = "Pods-pruebaIOS.debug.xcconfig"; path = "Target Support Files/Pods-pruebaIOS/Pods-pruebaIOS.debug.xcconfig"; sourceTree = "<group>"; };
/* End PBXFileReference section */

/* Begin PBXFrameworksBuildPhase section */
		E0DF43452464F573006BCA56 /* Frameworks */ = {
			isa = PBXFrameworksBuildPhase;
			buildActionMask = 2147483647;
			files = (
				C6EED0D686B0176282D98C31 /* Pods_pruebaIOS.framework in Frameworks */,
			);
			runOnlyForDeploymentPostprocessing = 0;
		};
/* End PBXFrameworksBuildPhase section */

/* Begin PBXGroup section */
		6CA796FAA2C11E3EF0B9FDF8 /* Pods */ = {
			isa = PBXGroup;
			children = (
				F81A1826D15E01DF4D1311A7 /* Pods-pruebaIOS.debug.xcconfig */,
				21D830B22AE1746C6E53103E /* Pods-pruebaIOS.release.xcconfig */,
			);
			path = Pods;
			sourceTree = "<group>";
		};
		A62BAC5E43F522F2A0D62B4E /* Frameworks */ = {
			isa = PBXGroup;
			children = (
				8508573183BE7BC90E2E0CC6 /* Pods_pruebaIOS.framework */,
			);
			name = Frameworks;
			sourceTree = "<group>";
		};
		E0DF433F2464F573006BCA56 = {
			isa = PBXGroup;
			children = (
				E0DF434A2464F573006BCA56 /* pruebaIOS */,
				E0DF43492464F573006BCA56 /* Products */,
				6CA796FAA2C11E3EF0B9FDF8 /* Pods */,
				A62BAC5E43F522F2A0D62B4E /* Frameworks */,
			);
			sourceTree = "<group>";
		};
		E0DF43492464F573006BCA56 /* Products */ = {
			isa = PBXGroup;
			children = (
				E0DF43482464F573006BCA56 /* pruebaiOS.app */,
			);
			name = Products;
			sourceTree = "<group>";
		};
		E0DF434A2464F573006BCA56 /* pruebaIOS */ = {
			isa = PBXGroup;
			children = (
				E0DF43632465C3CF006BCA56 /* AddProducto */,
				E0DF435F24650182006BCA56 /* Productos */,
				E0DF434B2464F573006BCA56 /* AppDelegate.swift */,
				E0DF434D2464F573006BCA56 /* SceneDelegate.swift */,
				E0DF43542464F579006BCA56 /* Assets.xcassets */,
				E0DF43562464F579006BCA56 /* LaunchScreen.storyboard */,
				E0DF43592464F579006BCA56 /* Info.plist */,
			);
			path = pruebaIOS;
			sourceTree = "<group>";
		};
		E0DF435F24650182006BCA56 /* Productos */ = {
			isa = PBXGroup;
			children = (
				E0DF4360246501DF006BCA56 /* Cell */,
				E0DF43512464F574006BCA56 /* Main.storyboard */,
				E0DF434F2464F573006BCA56 /* ViewController.swift */,
			);
			path = Productos;
			sourceTree = "<group>";
		};
		E0DF4360246501DF006BCA56 /* Cell */ = {
			isa = PBXGroup;
			children = (
				E0DF436124650273006BCA56 /* cellGenericaTableViewCell.swift */,
			);
			path = Cell;
			sourceTree = "<group>";
		};
		E0DF43632465C3CF006BCA56 /* AddProducto */ = {
			isa = PBXGroup;
			children = (
				E0DF43642465C409006BCA56 /* AddProduct.storyboard */,
				E0DF43662465D497006BCA56 /* addProductViewController.swift */,
			);
			path = AddProducto;
			sourceTree = "<group>";
		};
/* End PBXGroup section */

/* Begin PBXNativeTarget section */
		E0DF43472464F573006BCA56 /* pruebaIOS */ = {
			isa = PBXNativeTarget;
			buildConfigurationList = E0DF435C2464F579006BCA56 /* Build configuration list for PBXNativeTarget "pruebaIOS" */;
			buildPhases = (
				0B7ABFBD11F1D233D1DAEDC6 /* [CP] Check Pods Manifest.lock */,
				E0DF43442464F573006BCA56 /* Sources */,
				E0DF43452464F573006BCA56 /* Frameworks */,
				E0DF43462464F573006BCA56 /* Resources */,
				514347BD8D0F1D9D72F506CE /* [CP] Embed Pods Frameworks */,
			);
			buildRules = (
			);
			dependencies = (
			);
			name = pruebaIOS;
			productName = pruebaIOS;
			productReference = E0DF43482464F573006BCA56 /* pruebaiOS.app */;
			productType = "com.apple.product-type.application";
		};
/* End PBXNativeTarget section */

/* Begin PBXProject section */
		E0DF43402464F573006BCA56 /* Project object */ = {
			isa = PBXProject;
			attributes = {
				LastSwiftUpdateCheck = 1140;
				LastUpgradeCheck = 1140;
				ORGANIZATIONNAME = Camiilo;
				TargetAttributes = {
					E0DF43472464F573006BCA56 = {
						CreatedOnToolsVersion = 11.4.1;
					};
				};
			};
			buildConfigurationList = E0DF43432464F573006BCA56 /* Build configuration list for PBXProject "pruebaIOS" */;
			compatibilityVersion = "Xcode 9.3";
			developmentRegion = en;
			hasScannedForEncodings = 0;
			knownRegions = (
				en,
				Base,
			);
			mainGroup = E0DF433F2464F573006BCA56;
			productRefGroup = E0DF43492464F573006BCA56 /* Products */;
			projectDirPath = "";
			projectRoot = "";
			targets = (
				E0DF43472464F573006BCA56 /* pruebaIOS */,
			);
		};
/* End PBXProject section */

/* Begin PBXResourcesBuildPhase section */
		E0DF43462464F573006BCA56 /* Resources */ = {
			isa = PBXResourcesBuildPhase;
			buildActionMask = 2147483647;
			files = (
				E0DF43582464F579006BCA56 /* LaunchScreen.storyboard in Resources */,
				E0DF43652465C409006BCA56 /* AddProduct.storyboard in Resources */,
				E0DF43552464F579006BCA56 /* Assets.xcassets in Resources */,
				E0DF43532464F574006BCA56 /* Main.storyboard in Resources */,
			);
			runOnlyForDeploymentPostprocessing = 0;
		};
/* End PBXResourcesBuildPhase section */

/* Begin PBXShellScriptBuildPhase section */
		0B7ABFBD11F1D233D1DAEDC6 /* [CP] Check Pods Manifest.lock */ = {
			isa = PBXShellScriptBuildPhase;
			buildActionMask = 2147483647;
			files = (
			);
			inputFileListPaths = (
			);
			inputPaths = (
				"${PODS_PODFILE_DIR_PATH}/Podfile.lock",
				"${PODS_ROOT}/Manifest.lock",
			);
			name = "[CP] Check Pods Manifest.lock";
			outputFileListPaths = (
			);
			outputPaths = (
				"$(DERIVED_FILE_DIR)/Pods-pruebaIOS-checkManifestLockResult.txt",
			);
			runOnlyForDeploymentPostprocessing = 0;
			shellPath = /bin/sh;
			shellScript = "diff \"${PODS_PODFILE_DIR_PATH}/Podfile.lock\" \"${PODS_ROOT}/Manifest.lock\" > /dev/null\nif [ $? != 0 ] ; then\n    # print error to STDERR\n    echo \"error: The sandbox is not in sync with the Podfile.lock. Run 'pod install' or update your CocoaPods installation.\" >&2\n    exit 1\nfi\n# This output is used by Xcode 'outputs' to avoid re-running this script phase.\necho \"SUCCESS\" > \"${SCRIPT_OUTPUT_FILE_0}\"\n";
			showEnvVarsInLog = 0;
		};
		514347BD8D0F1D9D72F506CE /* [CP] Embed Pods Frameworks */ = {
			isa = PBXShellScriptBuildPhase;
			buildActionMask = 2147483647;
			files = (
			);
			inputFileListPaths = (
				"${PODS_ROOT}/Target Support Files/Pods-pruebaIOS/Pods-pruebaIOS-frameworks-${CONFIGURATION}-input-files.xcfilelist",
			);
			name = "[CP] Embed Pods Frameworks";
			outputFileListPaths = (
				"${PODS_ROOT}/Target Support Files/Pods-pruebaIOS/Pods-pruebaIOS-frameworks-${CONFIGURATION}-output-files.xcfilelist",
			);
			runOnlyForDeploymentPostprocessing = 0;
			shellPath = /bin/sh;
			shellScript = "\"${PODS_ROOT}/Target Support Files/Pods-pruebaIOS/Pods-pruebaIOS-frameworks.sh\"\n";
			showEnvVarsInLog = 0;
		};
/* End PBXShellScriptBuildPhase section */

/* Begin PBXSourcesBuildPhase section */
		E0DF43442464F573006BCA56 /* Sources */ = {
			isa = PBXSourcesBuildPhase;
			buildActionMask = 2147483647;
			files = (
				E0DF43502464F573006BCA56 /* ViewController.swift in Sources */,
				E0DF434C2464F573006BCA56 /* AppDelegate.swift in Sources */,
				E0DF434E2464F573006BCA56 /* SceneDelegate.swift in Sources */,
				E0DF436224650273006BCA56 /* cellGenericaTableViewCell.swift in Sources */,
				E0DF43672465D497006BCA56 /* addProductViewController.swift in Sources */,
			);
			runOnlyForDeploymentPostprocessing = 0;
		};
/* End PBXSourcesBuildPhase section */

/* Begin PBXVariantGroup section */
		E0DF43512464F574006BCA56 /* Main.storyboard */ = {
			isa = PBXVariantGroup;
			children = (
				E0DF43522464F574006BCA56 /* Base */,
			);
			name = Main.storyboard;
			sourceTree = "<group>";
		};
		E0DF43562464F579006BCA56 /* LaunchScreen.storyboard */ = {
			isa = PBXVariantGroup;
			children = (
				E0DF43572464F579006BCA56 /* Base */,
			);
			name = LaunchScreen.storyboard;
			sourceTree = "<group>";
		};
/* End PBXVariantGroup section */

/* Begin XCBuildConfiguration section */
		E0DF435A2464F579006BCA56 /* Debug */ = {
			isa = XCBuildConfiguration;
			buildSettings = {
				ALWAYS_SEARCH_USER_PATHS = NO;
				CLANG_ANALYZER_NONNULL = YES;
				CLANG_ANALYZER_NUMBER_OBJECT_CONVERSION = YES_AGGRESSIVE;
				CLANG_CXX_LANGUAGE_STANDARD = "gnu++14";
				CLANG_CXX_LIBRARY = "libc++";
				CLANG_ENABLE_MODULES = YES;
				CLANG_ENABLE_OBJC_ARC = YES;
				CLANG_ENABLE_OBJC_WEAK = YES;
				CLANG_WARN_BLOCK_CAPTURE_AUTORELEASING = YES;
				CLANG_WARN_BOOL_CONVERSION = YES;
				CLANG_WARN_COMMA = YES;
				CLANG_WARN_CONSTANT_CONVERSION = YES;
				CLANG_WARN_DEPRECATED_OBJC_IMPLEMENTATIONS = YES;
				CLANG_WARN_DIRECT_OBJC_ISA_USAGE = YES_ERROR;
				CLANG_WARN_DOCUMENTATION_COMMENTS = YES;
				CLANG_WARN_EMPTY_BODY = YES;
				CLANG_WARN_ENUM_CONVERSION = YES;
				CLANG_WARN_INFINITE_RECURSION = YES;
				CLANG_WARN_INT_CONVERSION = YES;
				CLANG_WARN_NON_LITERAL_NULL_CONVERSION = YES;
				CLANG_WARN_OBJC_IMPLICIT_RETAIN_SELF = YES;
				CLANG_WARN_OBJC_LITERAL_CONVERSION = YES;
				CLANG_WARN_OBJC_ROOT_CLASS = YES_ERROR;
				CLANG_WARN_RANGE_LOOP_ANALYSIS = YES;
				CLANG_WARN_STRICT_PROTOTYPES = YES;
				CLANG_WARN_SUSPICIOUS_MOVE = YES;
				CLANG_WARN_UNGUARDED_AVAILABILITY = YES_AGGRESSIVE;
				CLANG_WARN_UNREACHABLE_CODE = YES;
				CLANG_WARN__DUPLICATE_METHOD_MATCH = YES;
				COPY_PHASE_STRIP = NO;
				DEBUG_INFORMATION_FORMAT = dwarf;
				ENABLE_STRICT_OBJC_MSGSEND = YES;
				ENABLE_TESTABILITY = YES;
				GCC_C_LANGUAGE_STANDARD = gnu11;
				GCC_DYNAMIC_NO_PIC = NO;
				GCC_NO_COMMON_BLOCKS = YES;
				GCC_OPTIMIZATION_LEVEL = 0;
				GCC_PREPROCESSOR_DEFINITIONS = (
					"DEBUG=1",
					"$(inherited)",
				);
				GCC_WARN_64_TO_32_BIT_CONVERSION = YES;
				GCC_WARN_ABOUT_RETURN_TYPE = YES_ERROR;
				GCC_WARN_UNDECLARED_SELECTOR = YES;
				GCC_WARN_UNINITIALIZED_AUTOS = YES_AGGRESSIVE;
				GCC_WARN_UNUSED_FUNCTION = YES;
				GCC_WARN_UNUSED_VARIABLE = YES;
				IPHONEOS_DEPLOYMENT_TARGET = 13.4;
				MTL_ENABLE_DEBUG_INFO = INCLUDE_SOURCE;
				MTL_FAST_MATH = YES;
				ONLY_ACTIVE_ARCH = YES;
				SDKROOT = iphoneos;
				SWIFT_ACTIVE_COMPILATION_CONDITIONS = DEBUG;
				SWIFT_OPTIMIZATION_LEVEL = "-Onone";
			};
			name = Debug;
		};
		E0DF435B2464F579006BCA56 /* Release */ = {
			isa = XCBuildConfiguration;
			buildSettings = {
				ALWAYS_SEARCH_USER_PATHS = NO;
				CLANG_ANALYZER_NONNULL = YES;
				CLANG_ANALYZER_NUMBER_OBJECT_CONVERSION = YES_AGGRESSIVE;
				CLANG_CXX_LANGUAGE_STANDARD = "gnu++14";
				CLANG_CXX_LIBRARY = "libc++";
				CLANG_ENABLE_MODULES = YES;
				CLANG_ENABLE_OBJC_ARC = YES;
				CLANG_ENABLE_OBJC_WEAK = YES;
				CLANG_WARN_BLOCK_CAPTURE_AUTORELEASING = YES;
				CLANG_WARN_BOOL_CONVERSION = YES;
				CLANG_WARN_COMMA = YES;
				CLANG_WARN_CONSTANT_CONVERSION = YES;
				CLANG_WARN_DEPRECATED_OBJC_IMPLEMENTATIONS = YES;
				CLANG_WARN_DIRECT_OBJC_ISA_USAGE = YES_ERROR;
				CLANG_WARN_DOCUMENTATION_COMMENTS = YES;
				CLANG_WARN_EMPTY_BODY = YES;
				CLANG_WARN_ENUM_CONVERSION = YES;
				CLANG_WARN_INFINITE_RECURSION = YES;
				CLANG_WARN_INT_CONVERSION = YES;
				CLANG_WARN_NON_LITERAL_NULL_CONVERSION = YES;
				CLANG_WARN_OBJC_IMPLICIT_RETAIN_SELF = YES;
				CLANG_WARN_OBJC_LITERAL_CONVERSION = YES;
				CLANG_WARN_OBJC_ROOT_CLASS = YES_ERROR;
				CLANG_WARN_RANGE_LOOP_ANALYSIS = YES;
				CLANG_WARN_STRICT_PROTOTYPES = YES;
				CLANG_WARN_SUSPICIOUS_MOVE = YES;
				CLANG_WARN_UNGUARDED_AVAILABILITY = YES_AGGRESSIVE;
				CLANG_WARN_UNREACHABLE_CODE = YES;
				CLANG_WARN__DUPLICATE_METHOD_MATCH = YES;
				COPY_PHASE_STRIP = NO;
				DEBUG_INFORMATION_FORMAT = "dwarf-with-dsym";
				ENABLE_NS_ASSERTIONS = NO;
				ENABLE_STRICT_OBJC_MSGSEND = YES;
				GCC_C_LANGUAGE_STANDARD = gnu11;
				GCC_NO_COMMON_BLOCKS = YES;
				GCC_WARN_64_TO_32_BIT_CONVERSION = YES;
				GCC_WARN_ABOUT_RETURN_TYPE = YES_ERROR;
				GCC_WARN_UNDECLARED_SELECTOR = YES;
				GCC_WARN_UNINITIALIZED_AUTOS = YES_AGGRESSIVE;
				GCC_WARN_UNUSED_FUNCTION = YES;
				GCC_WARN_UNUSED_VARIABLE = YES;
				IPHONEOS_DEPLOYMENT_TARGET = 13.4;
				MTL_ENABLE_DEBUG_INFO = NO;
				MTL_FAST_MATH = YES;
				SDKROOT = iphoneos;
				SWIFT_COMPILATION_MODE = wholemodule;
				SWIFT_OPTIMIZATION_LEVEL = "-O";
				VALIDATE_PRODUCT = YES;
			};
			name = Release;
		};
		E0DF435D2464F579006BCA56 /* Debug */ = {
			isa = XCBuildConfiguration;
			baseConfigurationReference = F81A1826D15E01DF4D1311A7 /* Pods-pruebaIOS.debug.xcconfig */;
			buildSettings = {
				ASSETCATALOG_COMPILER_APPICON_NAME = AppIcon;
				CODE_SIGN_STYLE = Automatic;
				DEVELOPMENT_TEAM = 32THW85H2Y;
				INFOPLIST_FILE = pruebaIOS/Info.plist;
				LD_RUNPATH_SEARCH_PATHS = (
					"$(inherited)",
					"@executable_path/Frameworks",
				);
				PRODUCT_BUNDLE_IDENTIFIER = Camiilo.pruebaIOS2;
				PRODUCT_NAME = pruebaiOS;
				SWIFT_VERSION = 5.0;
				TARGETED_DEVICE_FAMILY = "1,2";
			};
			name = Debug;
		};
		E0DF435E2464F579006BCA56 /* Release */ = {
			isa = XCBuildConfiguration;
			baseConfigurationReference = 21D830B22AE1746C6E53103E /* Pods-pruebaIOS.release.xcconfig */;
			buildSettings = {
				ASSETCATALOG_COMPILER_APPICON_NAME = AppIcon;
				CODE_SIGN_STYLE = Automatic;
				DEVELOPMENT_TEAM = 32THW85H2Y;
				INFOPLIST_FILE = pruebaIOS/Info.plist;
				LD_RUNPATH_SEARCH_PATHS = (
					"$(inherited)",
					"@executable_path/Frameworks",
				);
				PRODUCT_BUNDLE_IDENTIFIER = Camiilo.pruebaIOS2;
				PRODUCT_NAME = pruebaiOS;
				SWIFT_VERSION = 5.0;
				TARGETED_DEVICE_FAMILY = "1,2";
			};
			name = Release;
		};
/* End XCBuildConfiguration section */

/* Begin XCConfigurationList section */
		E0DF43432464F573006BCA56 /* Build configuration list for PBXProject "pruebaIOS" */ = {
			isa = XCConfigurationList;
			buildConfigurations = (
				E0DF435A2464F579006BCA56 /* Debug */,
				E0DF435B2464F579006BCA56 /* Release */,
			);
			defaultConfigurationIsVisible = 0;
			defaultConfigurationName = Release;
		};
		E0DF435C2464F579006BCA56 /* Build configuration list for PBXNativeTarget "pruebaIOS" */ = {
			isa = XCConfigurationList;
			buildConfigurations = (
				E0DF435D2464F579006BCA56 /* Debug */,
				E0DF435E2464F579006BCA56 /* Release */,
			);
			defaultConfigurationIsVisible = 0;
			defaultConfigurationName = Release;
		};
/* End XCConfigurationList section */
	};
	rootObject = E0DF43402464F573006BCA56 /* Project object */;
}
